
Microsoft Visual Studio Solution File, Format Version 12.00
# Visual Studio Version 17
VisualStudioVersion = 17.3.32819.101
MinimumVisualStudioVersion = 10.0.40219.1
Project("{8BC9CEB8-8B4A-11D0-8D11-00A0C91BC942}") = "DSTR_Group10", "DSTR_Group10\DSTR_Group10.vcxproj", "{D696FC72-B8A8-4BB8-844B-D9F406DBF6EF}"
EndProject
Global
	GlobalSection(SolutionConfigurationPlatforms) = preSolution
		Debug|x64 = Debug|x64
		Debug|x86 = Debug|x86
		Release|x64 = Release|x64
		Release|x86 = Release|x86
	EndGlobalSection
	GlobalSection(ProjectConfigurationPlatforms) = postSolution
		{D696FC72-B8A8-4BB8-844B-D9F406DBF6EF}.Debug|x64.ActiveCfg = Debug|x64
		{D696FC72-B8A8-4BB8-844B-D9F406DBF6EF}.Debug|x64.Build.0 = Debug|x64
		{D696FC72-B8A8-4BB8-844B-D9F406DBF6EF}.Debug|x86.ActiveCfg = Debug|Win32
		{D696FC72-B8A8-4BB8-844B-D9F406DBF6EF}.Debug|x86.Build.0 = Debug|Win32
		{D696FC72-B8A8-4BB8-844B-D9F406DBF6EF}.Release|x64.ActiveCfg = Release|x64
		{D696FC72-B8A8-4BB8-844B-D9F406DBF6EF}.Release|x64.Build.0 = Release|x64
		{D696FC72-B8A8-4BB8-844B-D9F406DBF6EF}.Release|x86.ActiveCfg = Release|Win32
		{D696FC72-B8A8-4BB8-844B-D9F406DBF6EF}.Release|x86.Build.0 = Release|Win32
	EndGlobalSection
	GlobalSection(SolutionProperties) = preSolution
		HideSolutionNode = FALSE
	EndGlobalSection
	GlobalSection(ExtensibilityGlobals) = postSolution
		SolutionGuid = {D38235C6-F402-43C8-AF06-AFA858D422A6}
	EndGlobalSection
EndGlobal
